# This file is automatically @generated by Cargo.
# It is not intended for manual editing.
version = 3

[[package]]
name = "byte_string"
version = "1.0.0"
source = "registry+https://github.com/rust-lang/crates.io-index"
checksum = "11aade7a05aa8c3a351cedc44c3fc45806430543382fcc4743a9b757a2a0b4ed"

[[package]]
name = "hex"
version = "0.4.3"
source = "registry+https://github.com/rust-lang/crates.io-index"
checksum = "7f24254aa9a54b5c858eaee2f5bccdb46aaf0e486a595ed5fd8f86ba55232a70"

[[package]]
name = "modular"
version = "1.0.0"
source = "registry+https://github.com/rust-lang/crates.io-index"
checksum = "9c2b869408c1be1a4bb10a04220876741ff86dce5b616306ec59ee65fa69c171"

[[package]]
name = "sha224"
version = "0.1.0"
dependencies = [
 "byte_string",
 "hex",
 "modular",
]
